[[package]]
name = "add-trailing-comma"
version = "2.0.1"
description = "Automatically add trailing commas to calls and literals"
category = "dev"
optional = false
python-versions = ">=3.6.1"

[package.dependencies]
tokenize-rt = ">=3.0.1"

[[package]]
name = "appdirs"
version = "1.4.4"
description = "A small Python module for determining appropriate platform-specific dirs, e.g. a \"user data dir\"."
category = "dev"
optional = false
python-versions = "*"

[[package]]
name = "astroid"
version = "2.4.2"
description = "An abstract syntax tree for Python with inference support."
category = "dev"
optional = false
python-versions = ">=3.5"

[package.dependencies]
lazy-object-proxy = ">=1.4.0,<1.5.0"
six = ">=1.12,<2.0"
wrapt = ">=1.11,<2.0"

[[package]]
name = "atomicwrites"
version = "1.4.0"
description = "Atomic file writes."
category = "dev"
optional = false
python-versions = ">=2.7, !=3.0.*, !=3.1.*, !=3.2.*, !=3.3.*"

[[package]]
name = "attrs"
version = "20.3.0"
description = "Classes Without Boilerplate"
category = "dev"
optional = false
python-versions = ">=2.7, !=3.0.*, !=3.1.*, !=3.2.*, !=3.3.*"

[package.extras]
dev = ["coverage[toml] (>=5.0.2)", "hypothesis", "pympler", "pytest (>=4.3.0)", "six", "zope.interface", "furo", "sphinx", "pre-commit"]
docs = ["furo", "sphinx", "zope.interface"]
tests = ["coverage[toml] (>=5.0.2)", "hypothesis", "pympler", "pytest (>=4.3.0)", "six", "zope.interface"]
tests_no_zope = ["coverage[toml] (>=5.0.2)", "hypothesis", "pympler", "pytest (>=4.3.0)", "six"]

[[package]]
name = "autoflake"
version = "1.4"
description = "Removes unused imports and unused variables"
category = "dev"
optional = false
python-versions = "*"

[package.dependencies]
pyflakes = ">=1.1.0"

[[package]]
name = "autopep8"
version = "1.5.4"
description = "A tool that automatically formats Python code to conform to the PEP 8 style guide"
category = "dev"
optional = false
python-versions = "*"

[package.dependencies]
pycodestyle = ">=2.6.0"
toml = "*"

[[package]]
name = "cfgv"
version = "3.2.0"
description = "Validate configuration and produce human readable error messages."
category = "dev"
optional = false
python-versions = ">=3.6.1"

[[package]]
name = "colorama"
version = "0.4.4"
description = "Cross-platform colored terminal text."
category = "dev"
optional = false
python-versions = ">=2.7, !=3.0.*, !=3.1.*, !=3.2.*, !=3.3.*, !=3.4.*"

[[package]]
name = "coverage"
version = "5.3"
description = "Code coverage measurement for Python"
category = "dev"
optional = false
python-versions = ">=2.7, !=3.0.*, !=3.1.*, !=3.2.*, !=3.3.*, !=3.4.*, <4"

[package.extras]
toml = ["toml"]

[[package]]
name = "devtools"
version = "0.6.1"
description = "Python's missing debug print command and other development tools."
category = "dev"
optional = false
python-versions = ">=3.6"

[package.extras]
pygments = ["Pygments (>=2.2.0)"]

[[package]]
name = "distlib"
version = "0.3.1"
description = "Distribution utilities"
category = "dev"
optional = false
python-versions = "*"

[[package]]
name = "docformatter"
version = "1.3.1"
description = "Formats docstrings to follow PEP 257."
category = "dev"
optional = false
python-versions = "*"

[package.dependencies]
untokenize = "*"

[[package]]
name = "entrypoints"
version = "0.3"
description = "Discover and load entry points from installed packages."
category = "dev"
optional = false
python-versions = ">=2.7"

[[package]]
name = "filelock"
version = "3.0.12"
description = "A platform independent file lock."
category = "dev"
optional = false
python-versions = "*"

[[package]]
name = "flake8"
version = "3.8.4"
description = "the modular source code checker: pep8 pyflakes and co"
category = "dev"
optional = false
python-versions = "!=3.0.*,!=3.1.*,!=3.2.*,!=3.3.*,>=2.7"

[package.dependencies]
mccabe = ">=0.6.0,<0.7.0"
pycodestyle = ">=2.6.0a1,<2.7.0"
pyflakes = ">=2.2.0,<2.3.0"

[[package]]
name = "flake8-commas"
version = "2.0.0"
description = "Flake8 lint for trailing commas."
category = "dev"
optional = false
python-versions = "*"

[package.dependencies]
flake8 = ">=2,<4.0.0"

[[package]]
name = "flake8-docstrings"
version = "1.5.0"
description = "Extension for flake8 which uses pydocstyle to check docstrings"
category = "dev"
optional = false
python-versions = "*"

[package.dependencies]
flake8 = ">=3"
pydocstyle = ">=2.1"

[[package]]
name = "flake8-fixme"
version = "1.1.1"
description = "Check for FIXME, TODO and other temporary developer notes. Plugin for flake8."
category = "dev"
optional = false
python-versions = "*"

[[package]]
name = "flake8-isort"
version = "4.0.0"
description = "flake8 plugin that integrates isort ."
category = "dev"
optional = false
python-versions = "*"

[package.dependencies]
flake8 = ">=3.2.1,<4"
isort = ">=4.3.5,<6"
testfixtures = ">=6.8.0,<7"

[package.extras]
test = ["pytest (>=4.0.2,<6)", "toml"]

[[package]]
name = "flake8-markdown"
version = "0.2.0"
description = "Lints Python code blocks in Markdown files using flake8"
category = "dev"
optional = false
python-versions = ">=3.6,<4.0"

[package.dependencies]
flake8 = ">=3.7,<4.0"

[[package]]
name = "flake8-plugin-utils"
version = "1.3.1"
description = "The package provides base classes and utils for flake8 plugin writing"
category = "dev"
optional = false
python-versions = ">=3.6,<4.0"

[[package]]
name = "flake8-pytest-style"
version = "1.3.0"
description = "A flake8 plugin checking common style issues or inconsistencies with pytest-based tests."
category = "dev"
optional = false
python-versions = ">=3.6,<4.0"

[package.dependencies]
flake8-plugin-utils = ">=1.3.1,<2.0.0"

[[package]]
name = "flake8-quotes"
version = "3.2.0"
description = "Flake8 lint for quotes."
category = "dev"
optional = false
python-versions = "*"

[package.dependencies]
flake8 = "*"

[[package]]
name = "flakehell"
version = "0.7.0"
description = "Flake8 wrapper to make it nice and configurable"
category = "dev"
optional = false
python-versions = ">=3.5"

[package.dependencies]
colorama = "*"
entrypoints = "*"
flake8 = ">=3.8.0"
pygments = "*"
toml = "*"
urllib3 = "*"

[package.extras]
docs = ["alabaster", "pygments-github-lexers", "recommonmark", "sphinx"]
dev = ["dlint", "flake8-2020", "flake8-aaa", "flake8-absolute-import", "flake8-alfred", "flake8-annotations-complexity", "flake8-bandit", "flake8-black", "flake8-broken-line", "flake8-bugbear", "flake8-builtins", "flake8-coding", "flake8-cognitive-complexity", "flake8-commas", "flake8-comprehensions", "flake8-debugger", "flake8-django", "flake8-docstrings", "flake8-eradicate", "flake8-executable", "flake8-expression-complexity", "flake8-fixme", "flake8-functions", "flake8-future-import", "flake8-import-order", "flake8-isort", "flake8-logging-format", "flake8-mock", "flake8-mutable", "flake8-mypy", "flake8-pep3101", "flake8-pie", "flake8-print", "flake8-printf-formatting", "flake8-pyi", "flake8-pytest", "flake8-pytest-style", "flake8-quotes", "flake8-requirements", "flake8-rst-docstrings", "flake8-scrapy", "flake8-spellcheck", "flake8-sql", "flake8-strict", "flake8-string-format", "flake8-tidy-imports", "flake8-todo", "flake8-use-fstring", "flake8-variables-names", "isort", "mccabe", "pandas-vet", "pep8-naming", "pylint", "pytest", "typing-extensions", "wemake-python-styleguide"]

[[package]]
name = "identify"
version = "1.5.10"
description = "File identification library for Python"
category = "dev"
optional = false
python-versions = "!=3.0.*,!=3.1.*,!=3.2.*,!=3.3.*,>=2.7"

[package.extras]
license = ["editdistance"]

[[package]]
name = "iniconfig"
version = "1.1.1"
description = "iniconfig: brain-dead simple config-ini parsing"
category = "dev"
optional = false
python-versions = "*"

[[package]]
name = "invoke"
version = "1.4.1"
description = "Pythonic task execution"
category = "dev"
optional = false
python-versions = "*"

[[package]]
name = "isort"
version = "5.6.4"
description = "A Python utility / library to sort Python imports."
category = "dev"
optional = false
python-versions = ">=3.6,<4.0"

[package.extras]
pipfile_deprecated_finder = ["pipreqs", "requirementslib"]
requirements_deprecated_finder = ["pipreqs", "pip-api"]
colors = ["colorama (>=0.4.3,<0.5.0)"]

[[package]]
name = "lazy-object-proxy"
version = "1.4.3"
description = "A fast and thorough lazy object proxy."
category = "dev"
optional = false
python-versions = ">=2.7, !=3.0.*, !=3.1.*, !=3.2.*, !=3.3.*"

[[package]]
name = "mccabe"
version = "0.6.1"
description = "McCabe checker, plugin for flake8"
category = "dev"
optional = false
python-versions = "*"

[[package]]
name = "nodeenv"
version = "1.5.0"
description = "Node.js virtual environment builder"
category = "dev"
optional = false
python-versions = "*"

[[package]]
name = "packaging"
version = "20.5"
description = "Core utilities for Python packages"
category = "dev"
optional = false
python-versions = ">=2.7, !=3.0.*, !=3.1.*, !=3.2.*, !=3.3.*"

[package.dependencies]
pyparsing = ">=2.0.2"

[[package]]
name = "pluggy"
version = "0.13.1"
description = "plugin and hook calling mechanisms for python"
category = "dev"
optional = false
python-versions = ">=2.7, !=3.0.*, !=3.1.*, !=3.2.*, !=3.3.*"

[package.extras]
dev = ["pre-commit", "tox"]

[[package]]
name = "pre-commit"
version = "2.9.2"
description = "A framework for managing and maintaining multi-language pre-commit hooks."
category = "dev"
optional = false
python-versions = ">=3.6.1"

[package.dependencies]
cfgv = ">=2.0.0"
identify = ">=1.0.0"
nodeenv = ">=0.11.1"
pyyaml = ">=5.1"
toml = "*"
virtualenv = ">=20.0.8"

[[package]]
name = "py"
version = "1.9.0"
description = "library with cross-python path, ini-parsing, io, code, log facilities"
category = "dev"
optional = false
python-versions = ">=2.7, !=3.0.*, !=3.1.*, !=3.2.*, !=3.3.*"

[[package]]
name = "pycodestyle"
version = "2.6.0"
description = "Python style guide checker"
category = "dev"
optional = false
python-versions = ">=2.7, !=3.0.*, !=3.1.*, !=3.2.*, !=3.3.*"

[[package]]
name = "pydantic"
version = "1.7.2"
description = "Data validation and settings management using python 3.6 type hinting"
category = "main"
optional = false
python-versions = ">=3.6"

[package.extras]
dotenv = ["python-dotenv (>=0.10.4)"]
email = ["email-validator (>=1.0.3)"]
typing_extensions = ["typing-extensions (>=3.7.2)"]

[[package]]
name = "pydocstyle"
version = "5.1.1"
description = "Python docstring style checker"
category = "dev"
optional = false
python-versions = ">=3.5"

[package.dependencies]
snowballstemmer = "*"

[[package]]
name = "pyflakes"
version = "2.2.0"
description = "passive checker of Python programs"
category = "dev"
optional = false
python-versions = ">=2.7, !=3.0.*, !=3.1.*, !=3.2.*, !=3.3.*"

[[package]]
name = "pyformat"
version = "0.7"
description = "Formats Python code to follow a consistent style."
category = "dev"
optional = false
python-versions = "*"

[package.dependencies]
autoflake = ">=0.6.6"
autopep8 = ">=1.2.2"
docformatter = ">=0.7"
unify = ">=0.2"

[[package]]
name = "pygments"
version = "2.7.2"
description = "Pygments is a syntax highlighting package written in Python."
category = "dev"
optional = false
python-versions = ">=3.5"

[[package]]
name = "pylint"
version = "2.6.0"
description = "python code static checker"
category = "dev"
optional = false
python-versions = ">=3.5.*"

[package.dependencies]
astroid = ">=2.4.0,<=2.5"
colorama = {version = "*", markers = "sys_platform == \"win32\""}
isort = ">=4.2.5,<6"
mccabe = ">=0.6,<0.7"
toml = ">=0.7.1"

[[package]]
name = "pyparsing"
version = "2.4.7"
description = "Python parsing module"
category = "dev"
optional = false
python-versions = ">=2.6, !=3.0.*, !=3.1.*, !=3.2.*"

[[package]]
name = "pytest"
version = "6.1.2"
description = "pytest: simple powerful testing with Python"
category = "dev"
optional = false
python-versions = ">=3.5"

[package.dependencies]
atomicwrites = {version = ">=1.0", markers = "sys_platform == \"win32\""}
attrs = ">=17.4.0"
colorama = {version = "*", markers = "sys_platform == \"win32\""}
iniconfig = "*"
packaging = "*"
pluggy = ">=0.12,<1.0"
py = ">=1.8.2"
toml = "*"

[package.extras]
checkqa_mypy = ["mypy (==0.780)"]
testing = ["argcomplete", "hypothesis (>=3.56)", "mock", "nose", "requests", "xmlschema"]

[[package]]
name = "pytest-asyncio"
version = "0.14.0"
description = "Pytest support for asyncio."
category = "dev"
optional = false
python-versions = ">= 3.5"

[package.dependencies]
pytest = ">=5.4.0"

[package.extras]
testing = ["async-generator (>=1.3)", "coverage", "hypothesis (>=5.7.1)"]

[[package]]
name = "pytest-cov"
version = "2.10.1"
description = "Pytest plugin for measuring coverage."
category = "dev"
optional = false
python-versions = ">=2.7, !=3.0.*, !=3.1.*, !=3.2.*, !=3.3.*, !=3.4.*"

[package.dependencies]
coverage = ">=4.4"
pytest = ">=4.6"

[package.extras]
testing = ["fields", "hunter", "process-tests (==2.0.2)", "six", "pytest-xdist", "virtualenv"]

[[package]]
name = "pytest-mock"
version = "3.5.0"
description = "Thin-wrapper around the mock package for easier use with pytest"
category = "dev"
optional = false
python-versions = ">=3.5"

[package.dependencies]
pytest = ">=5.0"

[package.extras]
dev = ["pre-commit", "tox", "pytest-asyncio"]

[[package]]
name = "pyyaml"
version = "5.3.1"
description = "YAML parser and emitter for Python"
category = "dev"
optional = false
python-versions = ">=2.7, !=3.0.*, !=3.1.*, !=3.2.*, !=3.3.*, !=3.4.*"

[[package]]
name = "six"
version = "1.15.0"
description = "Python 2 and 3 compatibility utilities"
category = "dev"
optional = false
python-versions = ">=2.7, !=3.0.*, !=3.1.*, !=3.2.*"

[[package]]
name = "snowballstemmer"
version = "2.0.0"
description = "This package provides 26 stemmers for 25 languages generated from Snowball algorithms."
category = "dev"
optional = false
python-versions = "*"

[[package]]
name = "testfixtures"
version = "6.15.0"
description = "A collection of helpers and mock objects for unit tests and doc tests."
category = "dev"
optional = false
python-versions = "*"

[package.extras]
build = ["setuptools-git", "wheel", "twine"]
docs = ["sphinx", "zope.component", "sybil", "twisted", "mock", "django (<2)", "django"]
test = ["pytest (>=3.6)", "pytest-cov", "pytest-django", "zope.component", "sybil", "twisted", "mock", "django (<2)", "django"]

[[package]]
name = "tokenize-rt"
version = "4.0.0"
description = "A wrapper around the stdlib `tokenize` which roundtrips."
category = "dev"
optional = false
python-versions = ">=3.6.1"

[[package]]
name = "toml"
version = "0.10.2"
description = "Python Library for Tom's Obvious, Minimal Language"
category = "dev"
optional = false
python-versions = ">=2.6, !=3.0.*, !=3.1.*, !=3.2.*"

[[package]]
name = "unify"
version = "0.5"
description = "Modifies strings to all use the same (single/double) quote where possible."
category = "dev"
optional = false
python-versions = "*"

[package.dependencies]
untokenize = "*"

[[package]]
name = "untokenize"
version = "0.1.1"
description = "Transforms tokens into original source code (while preserving whitespace)."
category = "dev"
optional = false
python-versions = "*"

[[package]]
name = "urllib3"
version = "1.26.2"
description = "HTTP library with thread-safe connection pooling, file post, and more."
category = "dev"
optional = false
python-versions = ">=2.7, !=3.0.*, !=3.1.*, !=3.2.*, !=3.3.*, !=3.4.*, <4"

[package.extras]
brotli = ["brotlipy (>=0.6.0)"]
secure = ["pyOpenSSL (>=0.14)", "cryptography (>=1.3.4)", "idna (>=2.0.0)", "certifi", "ipaddress"]
socks = ["PySocks (>=1.5.6,!=1.5.7,<2.0)"]

[[package]]
name = "virtualenv"
version = "20.2.1"
description = "Virtual Python Environment builder"
category = "dev"
optional = false
python-versions = "!=3.0.*,!=3.1.*,!=3.2.*,!=3.3.*,>=2.7"

[package.dependencies]
appdirs = ">=1.4.3,<2"
distlib = ">=0.3.1,<1"
filelock = ">=3.0.0,<4"
six = ">=1.9.0,<2"

[package.extras]
docs = ["proselint (>=0.10.2)", "sphinx (>=3)", "sphinx-argparse (>=0.2.5)", "sphinx-rtd-theme (>=0.4.3)", "towncrier (>=19.9.0rc1)"]
testing = ["coverage (>=4)", "coverage-enable-subprocess (>=1)", "flaky (>=3)", "pytest (>=4)", "pytest-env (>=0.6.2)", "pytest-freezegun (>=0.4.1)", "pytest-mock (>=2)", "pytest-randomly (>=1)", "pytest-timeout (>=1)", "pytest-xdist (>=1.31.0)", "packaging (>=20.0)", "xonsh (>=0.9.16)"]

[[package]]
name = "wrapt"
version = "1.12.1"
description = "Module for decorators, wrappers and monkey patching."
category = "dev"
optional = false
python-versions = "*"

[metadata]
lock-version = "1.1"
python-versions = "^3.8"
content-hash = "a3abc196882dd07c4ee2556b95b2628e1fc3e63e8f3ee56c7446645e567292c0"

[metadata.files]
add-trailing-comma = [
    {file = "add_trailing_comma-2.0.1-py2.py3-none-any.whl", hash = "sha256:34e090e00d9f93992fd09ffdc7cd8cdddcdb03f950efa5b60166209c98789801"},
    {file = "add_trailing_comma-2.0.1.tar.gz", hash = "sha256:7b8e63fe870045646b80e97cc79988cae8a820de0bdbdf4032c554e451ea18d0"},
]
appdirs = [
    {file = "appdirs-1.4.4-py2.py3-none-any.whl", hash = "sha256:a841dacd6b99318a741b166adb07e19ee71a274450e68237b4650ca1055ab128"},
    {file = "appdirs-1.4.4.tar.gz", hash = "sha256:7d5d0167b2b1ba821647616af46a749d1c653740dd0d2415100fe26e27afdf41"},
]
astroid = [
    {file = "astroid-2.4.2-py3-none-any.whl", hash = "sha256:bc58d83eb610252fd8de6363e39d4f1d0619c894b0ed24603b881c02e64c7386"},
    {file = "astroid-2.4.2.tar.gz", hash = "sha256:2f4078c2a41bf377eea06d71c9d2ba4eb8f6b1af2135bec27bbbb7d8f12bb703"},
]
atomicwrites = [
    {file = "atomicwrites-1.4.0-py2.py3-none-any.whl", hash = "sha256:6d1784dea7c0c8d4a5172b6c620f40b6e4cbfdf96d783691f2e1302a7b88e197"},
    {file = "atomicwrites-1.4.0.tar.gz", hash = "sha256:ae70396ad1a434f9c7046fd2dd196fc04b12f9e91ffb859164193be8b6168a7a"},
]
attrs = [
    {file = "attrs-20.3.0-py2.py3-none-any.whl", hash = "sha256:31b2eced602aa8423c2aea9c76a724617ed67cf9513173fd3a4f03e3a929c7e6"},
    {file = "attrs-20.3.0.tar.gz", hash = "sha256:832aa3cde19744e49938b91fea06d69ecb9e649c93ba974535d08ad92164f700"},
]
autoflake = [
    {file = "autoflake-1.4.tar.gz", hash = "sha256:61a353012cff6ab94ca062823d1fb2f692c4acda51c76ff83a8d77915fba51ea"},
]
autopep8 = [
    {file = "autopep8-1.5.4.tar.gz", hash = "sha256:d21d3901cb0da6ebd1e83fc9b0dfbde8b46afc2ede4fe32fbda0c7c6118ca094"},
]
cfgv = [
    {file = "cfgv-3.2.0-py2.py3-none-any.whl", hash = "sha256:32e43d604bbe7896fe7c248a9c2276447dbef840feb28fe20494f62af110211d"},
    {file = "cfgv-3.2.0.tar.gz", hash = "sha256:cf22deb93d4bcf92f345a5c3cd39d3d41d6340adc60c78bbbd6588c384fda6a1"},
]
colorama = [
    {file = "colorama-0.4.4-py2.py3-none-any.whl", hash = "sha256:9f47eda37229f68eee03b24b9748937c7dc3868f906e8ba69fbcbdd3bc5dc3e2"},
    {file = "colorama-0.4.4.tar.gz", hash = "sha256:5941b2b48a20143d2267e95b1c2a7603ce057ee39fd88e7329b0c292aa16869b"},
]
coverage = [
    {file = "coverage-5.3-cp27-cp27m-macosx_10_13_intel.whl", hash = "sha256:bd3166bb3b111e76a4f8e2980fa1addf2920a4ca9b2b8ca36a3bc3dedc618270"},
    {file = "coverage-5.3-cp27-cp27m-macosx_10_9_x86_64.whl", hash = "sha256:9342dd70a1e151684727c9c91ea003b2fb33523bf19385d4554f7897ca0141d4"},
    {file = "coverage-5.3-cp27-cp27m-manylinux1_i686.whl", hash = "sha256:63808c30b41f3bbf65e29f7280bf793c79f54fb807057de7e5238ffc7cc4d7b9"},
    {file = "coverage-5.3-cp27-cp27m-manylinux1_x86_64.whl", hash = "sha256:4d6a42744139a7fa5b46a264874a781e8694bb32f1d76d8137b68138686f1729"},
    {file = "coverage-5.3-cp27-cp27m-win32.whl", hash = "sha256:86e9f8cd4b0cdd57b4ae71a9c186717daa4c5a99f3238a8723f416256e0b064d"},
    {file = "coverage-5.3-cp27-cp27m-win_amd64.whl", hash = "sha256:7858847f2d84bf6e64c7f66498e851c54de8ea06a6f96a32a1d192d846734418"},
    {file = "coverage-5.3-cp27-cp27mu-manylinux1_i686.whl", hash = "sha256:530cc8aaf11cc2ac7430f3614b04645662ef20c348dce4167c22d99bec3480e9"},
    {file = "coverage-5.3-cp27-cp27mu-manylinux1_x86_64.whl", hash = "sha256:381ead10b9b9af5f64646cd27107fb27b614ee7040bb1226f9c07ba96625cbb5"},
    {file = "coverage-5.3-cp35-cp35m-macosx_10_13_x86_64.whl", hash = "sha256:71b69bd716698fa62cd97137d6f2fdf49f534decb23a2c6fc80813e8b7be6822"},
    {file = "coverage-5.3-cp35-cp35m-manylinux1_i686.whl", hash = "sha256:1d44bb3a652fed01f1f2c10d5477956116e9b391320c94d36c6bf13b088a1097"},
    {file = "coverage-5.3-cp35-cp35m-manylinux1_x86_64.whl", hash = "sha256:1c6703094c81fa55b816f5ae542c6ffc625fec769f22b053adb42ad712d086c9"},
    {file = "coverage-5.3-cp35-cp35m-win32.whl", hash = "sha256:cedb2f9e1f990918ea061f28a0f0077a07702e3819602d3507e2ff98c8d20636"},
    {file = "coverage-5.3-cp35-cp35m-win_amd64.whl", hash = "sha256:7f43286f13d91a34fadf61ae252a51a130223c52bfefb50310d5b2deb062cf0f"},
    {file = "coverage-5.3-cp36-cp36m-macosx_10_13_x86_64.whl", hash = "sha256:c851b35fc078389bc16b915a0a7c1d5923e12e2c5aeec58c52f4aa8085ac8237"},
    {file = "coverage-5.3-cp36-cp36m-manylinux1_i686.whl", hash = "sha256:aac1ba0a253e17889550ddb1b60a2063f7474155465577caa2a3b131224cfd54"},
    {file = "coverage-5.3-cp36-cp36m-manylinux1_x86_64.whl", hash = "sha256:2b31f46bf7b31e6aa690d4c7a3d51bb262438c6dcb0d528adde446531d0d3bb7"},
    {file = "coverage-5.3-cp36-cp36m-win32.whl", hash = "sha256:c5f17ad25d2c1286436761b462e22b5020d83316f8e8fcb5deb2b3151f8f1d3a"},
    {file = "coverage-5.3-cp36-cp36m-win_amd64.whl", hash = "sha256:aef72eae10b5e3116bac6957de1df4d75909fc76d1499a53fb6387434b6bcd8d"},
    {file = "coverage-5.3-cp37-cp37m-macosx_10_13_x86_64.whl", hash = "sha256:e8caf961e1b1a945db76f1b5fa9c91498d15f545ac0ababbe575cfab185d3bd8"},
    {file = "coverage-5.3-cp37-cp37m-manylinux1_i686.whl", hash = "sha256:29a6272fec10623fcbe158fdf9abc7a5fa032048ac1d8631f14b50fbfc10d17f"},
    {file = "coverage-5.3-cp37-cp37m-manylinux1_x86_64.whl", hash = "sha256:2d43af2be93ffbad25dd959899b5b809618a496926146ce98ee0b23683f8c51c"},
    {file = "coverage-5.3-cp37-cp37m-win32.whl", hash = "sha256:c3888a051226e676e383de03bf49eb633cd39fc829516e5334e69b8d81aae751"},
    {file = "coverage-5.3-cp37-cp37m-win_amd64.whl", hash = "sha256:9669179786254a2e7e57f0ecf224e978471491d660aaca833f845b72a2df3709"},
    {file = "coverage-5.3-cp38-cp38-macosx_10_9_x86_64.whl", hash = "sha256:0203acd33d2298e19b57451ebb0bed0ab0c602e5cf5a818591b4918b1f97d516"},
    {file = "coverage-5.3-cp38-cp38-manylinux1_i686.whl", hash = "sha256:582ddfbe712025448206a5bc45855d16c2e491c2dd102ee9a2841418ac1c629f"},
    {file = "coverage-5.3-cp38-cp38-manylinux1_x86_64.whl", hash = "sha256:0f313707cdecd5cd3e217fc68c78a960b616604b559e9ea60cc16795c4304259"},
    {file = "coverage-5.3-cp38-cp38-win32.whl", hash = "sha256:78e93cc3571fd928a39c0b26767c986188a4118edc67bc0695bc7a284da22e82"},
    {file = "coverage-5.3-cp38-cp38-win_amd64.whl", hash = "sha256:8f264ba2701b8c9f815b272ad568d555ef98dfe1576802ab3149c3629a9f2221"},
    {file = "coverage-5.3-cp39-cp39-macosx_10_13_x86_64.whl", hash = "sha256:50691e744714856f03a86df3e2bff847c2acede4c191f9a1da38f088df342978"},
    {file = "coverage-5.3-cp39-cp39-manylinux1_i686.whl", hash = "sha256:9361de40701666b034c59ad9e317bae95c973b9ff92513dd0eced11c6adf2e21"},
    {file = "coverage-5.3-cp39-cp39-manylinux1_x86_64.whl", hash = "sha256:c1b78fb9700fc961f53386ad2fd86d87091e06ede5d118b8a50dea285a071c24"},
    {file = "coverage-5.3-cp39-cp39-win32.whl", hash = "sha256:cb7df71de0af56000115eafd000b867d1261f786b5eebd88a0ca6360cccfaca7"},
    {file = "coverage-5.3-cp39-cp39-win_amd64.whl", hash = "sha256:47a11bdbd8ada9b7ee628596f9d97fbd3851bd9999d398e9436bd67376dbece7"},
    {file = "coverage-5.3.tar.gz", hash = "sha256:280baa8ec489c4f542f8940f9c4c2181f0306a8ee1a54eceba071a449fb870a0"},
]
devtools = [
    {file = "devtools-0.6.1-py3-none-any.whl", hash = "sha256:7334183972a8d04e81d08b7f62126abca9b6f4de51d825c5fdcb9c88f252601a"},
    {file = "devtools-0.6.1.tar.gz", hash = "sha256:a054307594d35d28fae8df7629967363e851ae0ac7b2152640a8a401c39d42d7"},
]
distlib = [
    {file = "distlib-0.3.1-py2.py3-none-any.whl", hash = "sha256:8c09de2c67b3e7deef7184574fc060ab8a793e7adbb183d942c389c8b13c52fb"},
    {file = "distlib-0.3.1.zip", hash = "sha256:edf6116872c863e1aa9d5bb7cb5e05a022c519a4594dc703843343a9ddd9bff1"},
]
docformatter = [
    {file = "docformatter-1.3.1.tar.gz", hash = "sha256:d8db663665becccac75737b2635a06076f2c832bf861322a7bfc512f0a9fa7e3"},
]
entrypoints = [
    {file = "entrypoints-0.3-py2.py3-none-any.whl", hash = "sha256:589f874b313739ad35be6e0cd7efde2a4e9b6fea91edcc34e58ecbb8dbe56d19"},
    {file = "entrypoints-0.3.tar.gz", hash = "sha256:c70dd71abe5a8c85e55e12c19bd91ccfeec11a6e99044204511f9ed547d48451"},
]
filelock = [
    {file = "filelock-3.0.12-py3-none-any.whl", hash = "sha256:929b7d63ec5b7d6b71b0fa5ac14e030b3f70b75747cef1b10da9b879fef15836"},
    {file = "filelock-3.0.12.tar.gz", hash = "sha256:18d82244ee114f543149c66a6e0c14e9c4f8a1044b5cdaadd0f82159d6a6ff59"},
]
flake8 = [
    {file = "flake8-3.8.4-py2.py3-none-any.whl", hash = "sha256:749dbbd6bfd0cf1318af27bf97a14e28e5ff548ef8e5b1566ccfb25a11e7c839"},
    {file = "flake8-3.8.4.tar.gz", hash = "sha256:aadae8761ec651813c24be05c6f7b4680857ef6afaae4651a4eccaef97ce6c3b"},
]
flake8-commas = [
    {file = "flake8-commas-2.0.0.tar.gz", hash = "sha256:d3005899466f51380387df7151fb59afec666a0f4f4a2c6a8995b975de0f44b7"},
    {file = "flake8_commas-2.0.0-py2.py3-none-any.whl", hash = "sha256:ee2141a3495ef9789a3894ed8802d03eff1eaaf98ce6d8653a7c573ef101935e"},
]
flake8-docstrings = [
    {file = "flake8-docstrings-1.5.0.tar.gz", hash = "sha256:3d5a31c7ec6b7367ea6506a87ec293b94a0a46c0bce2bb4975b7f1d09b6f3717"},
    {file = "flake8_docstrings-1.5.0-py2.py3-none-any.whl", hash = "sha256:a256ba91bc52307bef1de59e2a009c3cf61c3d0952dbe035d6ff7208940c2edc"},
]
flake8-fixme = [
    {file = "flake8-fixme-1.1.1.tar.gz", hash = "sha256:50cade07d27a4c30d4f12351478df87339e67640c83041b664724bda6d16f33a"},
    {file = "flake8_fixme-1.1.1-py2.py3-none-any.whl", hash = "sha256:226a6f2ef916730899f29ac140bed5d4a17e5aba79f00a0e3ae1eff1997cb1ac"},
]
flake8-isort = [
    {file = "flake8-isort-4.0.0.tar.gz", hash = "sha256:2b91300f4f1926b396c2c90185844eb1a3d5ec39ea6138832d119da0a208f4d9"},
    {file = "flake8_isort-4.0.0-py2.py3-none-any.whl", hash = "sha256:729cd6ef9ba3659512dee337687c05d79c78e1215fdf921ed67e5fe46cce2f3c"},
]
flake8-markdown = [
    {file = "flake8-markdown-0.2.0.tar.gz", hash = "sha256:bca29422c66815c2f360fea3efce7356d42832e925d8ceb0525983f4e94a591c"},
    {file = "flake8_markdown-0.2.0-py3-none-any.whl", hash = "sha256:6727f28c71b941f0026bc7e08675a71002bfbf69018317bcec81e0502a33db3f"},
]
flake8-plugin-utils = [
    {file = "flake8-plugin-utils-1.3.1.tar.gz", hash = "sha256:6e996bc24ebe327558f24efd106f1be5f0c033c8cbb6eed815631f73d487f1c9"},
    {file = "flake8_plugin_utils-1.3.1-py3-none-any.whl", hash = "sha256:efdbf9d15b18f72b7c348dd360f30e7cf3e73aa67ff832d5343eb5aa1115f250"},
]
flake8-pytest-style = [
    {file = "flake8-pytest-style-1.3.0.tar.gz", hash = "sha256:d141476de2d1a31e491c2090ba7d1e32980b11a2c12e8aa3b3cc844571b19bfa"},
    {file = "flake8_pytest_style-1.3.0-py3-none-any.whl", hash = "sha256:5a0bfb30696eb97473bb2078834794e9491848f975f680bdcb0554e5b4efbbfc"},
]
flake8-quotes = [
    {file = "flake8-quotes-3.2.0.tar.gz", hash = "sha256:3f1116e985ef437c130431ac92f9b3155f8f652fda7405ac22ffdfd7a9d1055e"},
]
flakehell = [
    {file = "flakehell-0.7.0-py3-none-any.whl", hash = "sha256:4cc8963c082e5b60d62186874ab930c3374ce4c7bce9a5a59b971684a1c54dc2"},
    {file = "flakehell-0.7.0.tar.gz", hash = "sha256:7d2e813e22d25e472677c4713695051686b4cb22e2d8690c7ad9107f6106f34c"},
]
identify = [
    {file = "identify-1.5.10-py2.py3-none-any.whl", hash = "sha256:cc86e6a9a390879dcc2976cef169dd9cc48843ed70b7380f321d1b118163c60e"},
    {file = "identify-1.5.10.tar.gz", hash = "sha256:943cd299ac7f5715fcb3f684e2fc1594c1e0f22a90d15398e5888143bd4144b5"},
]
iniconfig = [
    {file = "iniconfig-1.1.1-py2.py3-none-any.whl", hash = "sha256:011e24c64b7f47f6ebd835bb12a743f2fbe9a26d4cecaa7f53bc4f35ee9da8b3"},
    {file = "iniconfig-1.1.1.tar.gz", hash = "sha256:bc3af051d7d14b2ee5ef9969666def0cd1a000e121eaea580d4a313df4b37f32"},
]
invoke = [
    {file = "invoke-1.4.1-py2-none-any.whl", hash = "sha256:93e12876d88130c8e0d7fd6618dd5387d6b36da55ad541481dfa5e001656f134"},
    {file = "invoke-1.4.1-py3-none-any.whl", hash = "sha256:87b3ef9d72a1667e104f89b159eaf8a514dbf2f3576885b2bbdefe74c3fb2132"},
    {file = "invoke-1.4.1.tar.gz", hash = "sha256:de3f23bfe669e3db1085789fd859eb8ca8e0c5d9c20811e2407fa042e8a5e15d"},
]
isort = [
    {file = "isort-5.6.4-py3-none-any.whl", hash = "sha256:dcab1d98b469a12a1a624ead220584391648790275560e1a43e54c5dceae65e7"},
    {file = "isort-5.6.4.tar.gz", hash = "sha256:dcaeec1b5f0eca77faea2a35ab790b4f3680ff75590bfcb7145986905aab2f58"},
]
lazy-object-proxy = [
    {file = "lazy-object-proxy-1.4.3.tar.gz", hash = "sha256:f3900e8a5de27447acbf900b4750b0ddfd7ec1ea7fbaf11dfa911141bc522af0"},
    {file = "lazy_object_proxy-1.4.3-cp27-cp27m-macosx_10_13_x86_64.whl", hash = "sha256:a2238e9d1bb71a56cd710611a1614d1194dc10a175c1e08d75e1a7bcc250d442"},
    {file = "lazy_object_proxy-1.4.3-cp27-cp27m-win32.whl", hash = "sha256:efa1909120ce98bbb3777e8b6f92237f5d5c8ea6758efea36a473e1d38f7d3e4"},
    {file = "lazy_object_proxy-1.4.3-cp27-cp27m-win_amd64.whl", hash = "sha256:4677f594e474c91da97f489fea5b7daa17b5517190899cf213697e48d3902f5a"},
    {file = "lazy_object_proxy-1.4.3-cp27-cp27mu-manylinux1_x86_64.whl", hash = "sha256:0c4b206227a8097f05c4dbdd323c50edf81f15db3b8dc064d08c62d37e1a504d"},
    {file = "lazy_object_proxy-1.4.3-cp34-cp34m-manylinux1_x86_64.whl", hash = "sha256:d945239a5639b3ff35b70a88c5f2f491913eb94871780ebfabb2568bd58afc5a"},
    {file = "lazy_object_proxy-1.4.3-cp34-cp34m-win32.whl", hash = "sha256:9651375199045a358eb6741df3e02a651e0330be090b3bc79f6d0de31a80ec3e"},
    {file = "lazy_object_proxy-1.4.3-cp34-cp34m-win_amd64.whl", hash = "sha256:eba7011090323c1dadf18b3b689845fd96a61ba0a1dfbd7f24b921398affc357"},
    {file = "lazy_object_proxy-1.4.3-cp35-cp35m-manylinux1_x86_64.whl", hash = "sha256:48dab84ebd4831077b150572aec802f303117c8cc5c871e182447281ebf3ac50"},
    {file = "lazy_object_proxy-1.4.3-cp35-cp35m-win32.whl", hash = "sha256:ca0a928a3ddbc5725be2dd1cf895ec0a254798915fb3a36af0964a0a4149e3db"},
    {file = "lazy_object_proxy-1.4.3-cp35-cp35m-win_amd64.whl", hash = "sha256:194d092e6f246b906e8f70884e620e459fc54db3259e60cf69a4d66c3fda3449"},
    {file = "lazy_object_proxy-1.4.3-cp36-cp36m-manylinux1_x86_64.whl", hash = "sha256:97bb5884f6f1cdce0099f86b907aa41c970c3c672ac8b9c8352789e103cf3156"},
    {file = "lazy_object_proxy-1.4.3-cp36-cp36m-win32.whl", hash = "sha256:cb2c7c57005a6804ab66f106ceb8482da55f5314b7fcb06551db1edae4ad1531"},
    {file = "lazy_object_proxy-1.4.3-cp36-cp36m-win_amd64.whl", hash = "sha256:8d859b89baf8ef7f8bc6b00aa20316483d67f0b1cbf422f5b4dc56701c8f2ffb"},
    {file = "lazy_object_proxy-1.4.3-cp37-cp37m-macosx_10_13_x86_64.whl", hash = "sha256:1be7e4c9f96948003609aa6c974ae59830a6baecc5376c25c92d7d697e684c08"},
    {file = "lazy_object_proxy-1.4.3-cp37-cp37m-manylinux1_x86_64.whl", hash = "sha256:d74bb8693bf9cf75ac3b47a54d716bbb1a92648d5f781fc799347cfc95952383"},
    {file = "lazy_object_proxy-1.4.3-cp37-cp37m-win32.whl", hash = "sha256:9b15f3f4c0f35727d3a0fba4b770b3c4ebbb1fa907dbcc046a1d2799f3edd142"},
    {file = "lazy_object_proxy-1.4.3-cp37-cp37m-win_amd64.whl", hash = "sha256:9254f4358b9b541e3441b007a0ea0764b9d056afdeafc1a5569eee1cc6c1b9ea"},
    {file = "lazy_object_proxy-1.4.3-cp38-cp38-manylinux1_x86_64.whl", hash = "sha256:a6ae12d08c0bf9909ce12385803a543bfe99b95fe01e752536a60af2b7797c62"},
    {file = "lazy_object_proxy-1.4.3-cp38-cp38-win32.whl", hash = "sha256:5541cada25cd173702dbd99f8e22434105456314462326f06dba3e180f203dfd"},
    {file = "lazy_object_proxy-1.4.3-cp38-cp38-win_amd64.whl", hash = "sha256:59f79fef100b09564bc2df42ea2d8d21a64fdcda64979c0fa3db7bdaabaf6239"},
]
mccabe = [
    {file = "mccabe-0.6.1-py2.py3-none-any.whl", hash = "sha256:ab8a6258860da4b6677da4bd2fe5dc2c659cff31b3ee4f7f5d64e79735b80d42"},
    {file = "mccabe-0.6.1.tar.gz", hash = "sha256:dd8d182285a0fe56bace7f45b5e7d1a6ebcbf524e8f3bd87eb0f125271b8831f"},
]
nodeenv = [
    {file = "nodeenv-1.5.0-py2.py3-none-any.whl", hash = "sha256:5304d424c529c997bc888453aeaa6362d242b6b4631e90f3d4bf1b290f1c84a9"},
    {file = "nodeenv-1.5.0.tar.gz", hash = "sha256:ab45090ae383b716c4ef89e690c41ff8c2b257b85b309f01f3654df3d084bd7c"},
]
packaging = [
    {file = "packaging-20.5-py2.py3-none-any.whl", hash = "sha256:1a67848015ca7e7879eee30a7ae1053bc04d031e31eccbde6082820150f08621"},
    {file = "packaging-20.5.tar.gz", hash = "sha256:5d21ed3d936beb102850195eadaa1371bfb4b93da6ad63d231410c6dca25a665"},
]
pluggy = [
    {file = "pluggy-0.13.1-py2.py3-none-any.whl", hash = "sha256:966c145cd83c96502c3c3868f50408687b38434af77734af1e9ca461a4081d2d"},
    {file = "pluggy-0.13.1.tar.gz", hash = "sha256:15b2acde666561e1298d71b523007ed7364de07029219b604cf808bfa1c765b0"},
]
pre-commit = [
    {file = "pre_commit-2.9.2-py2.py3-none-any.whl", hash = "sha256:949b13efb7467ae27e2c8f9e83434dacf2682595124d8902554a4e18351e5781"},
    {file = "pre_commit-2.9.2.tar.gz", hash = "sha256:e31c04bc23741194a7c0b983fe512801e151a0638c6001c49f2bd034f8a664a1"},
]
py = [
    {file = "py-1.9.0-py2.py3-none-any.whl", hash = "sha256:366389d1db726cd2fcfc79732e75410e5fe4d31db13692115529d34069a043c2"},
    {file = "py-1.9.0.tar.gz", hash = "sha256:9ca6883ce56b4e8da7e79ac18787889fa5206c79dcc67fb065376cd2fe03f342"},
]
pycodestyle = [
    {file = "pycodestyle-2.6.0-py2.py3-none-any.whl", hash = "sha256:2295e7b2f6b5bd100585ebcb1f616591b652db8a741695b3d8f5d28bdc934367"},
    {file = "pycodestyle-2.6.0.tar.gz", hash = "sha256:c58a7d2815e0e8d7972bf1803331fb0152f867bd89adf8a01dfd55085434192e"},
]
pydantic = [
    {file = "pydantic-1.7.2-cp36-cp36m-macosx_10_9_x86_64.whl", hash = "sha256:dfaa6ed1d509b5aef4142084206584280bb6e9014f01df931ec6febdad5b200a"},
    {file = "pydantic-1.7.2-cp36-cp36m-manylinux1_i686.whl", hash = "sha256:2182ba2a9290964b278bcc07a8d24207de709125d520efec9ad6fa6f92ee058d"},
    {file = "pydantic-1.7.2-cp36-cp36m-manylinux2014_i686.whl", hash = "sha256:0fe8b45d31ae53d74a6aa0bf801587bd49970070eac6a6326f9fa2a302703b8a"},
    {file = "pydantic-1.7.2-cp36-cp36m-manylinux2014_x86_64.whl", hash = "sha256:01f0291f4951580f320f7ae3f2ecaf0044cdebcc9b45c5f882a7e84453362420"},
    {file = "pydantic-1.7.2-cp36-cp36m-win_amd64.whl", hash = "sha256:4ba6b903e1b7bd3eb5df0e78d7364b7e831ed8b4cd781ebc3c4f1077fbcb72a4"},
    {file = "pydantic-1.7.2-cp37-cp37m-macosx_10_9_x86_64.whl", hash = "sha256:b11fc9530bf0698c8014b2bdb3bbc50243e82a7fa2577c8cfba660bcc819e768"},
    {file = "pydantic-1.7.2-cp37-cp37m-manylinux1_i686.whl", hash = "sha256:a3c274c49930dc047a75ecc865e435f3df89715c775db75ddb0186804d9b04d0"},
    {file = "pydantic-1.7.2-cp37-cp37m-manylinux2014_i686.whl", hash = "sha256:c68b5edf4da53c98bb1ccb556ae8f655575cb2e676aef066c12b08c724a3f1a1"},
    {file = "pydantic-1.7.2-cp37-cp37m-manylinux2014_x86_64.whl", hash = "sha256:95d4410c4e429480c736bba0db6cce5aaa311304aea685ebcf9ee47571bfd7c8"},
    {file = "pydantic-1.7.2-cp37-cp37m-win_amd64.whl", hash = "sha256:a2fc7bf77ed4a7a961d7684afe177ff59971828141e608f142e4af858e07dddc"},
    {file = "pydantic-1.7.2-cp38-cp38-macosx_10_9_x86_64.whl", hash = "sha256:b9572c0db13c8658b4a4cb705dcaae6983aeb9842248b36761b3fbc9010b740f"},
    {file = "pydantic-1.7.2-cp38-cp38-manylinux1_i686.whl", hash = "sha256:f83f679e727742b0c465e7ef992d6da4a7e5268b8edd8fdaf5303276374bef52"},
    {file = "pydantic-1.7.2-cp38-cp38-manylinux2014_i686.whl", hash = "sha256:e5fece30e80087d9b7986104e2ac150647ec1658c4789c89893b03b100ca3164"},
    {file = "pydantic-1.7.2-cp38-cp38-manylinux2014_x86_64.whl", hash = "sha256:ce2d452961352ba229fe1e0b925b41c0c37128f08dddb788d0fd73fd87ea0f66"},
    {file = "pydantic-1.7.2-cp38-cp38-win_amd64.whl", hash = "sha256:fc21a37ff3f545de80b166e1735c4172b41b017948a3fb2d5e2f03c219eac50a"},
    {file = "pydantic-1.7.2-cp39-cp39-macosx_10_9_x86_64.whl", hash = "sha256:c9760d1556ec59ff745f88269a8f357e2b7afc75c556b3a87b8dda5bc62da8ba"},
    {file = "pydantic-1.7.2-cp39-cp39-manylinux1_i686.whl", hash = "sha256:2c1673633ad1eea78b1c5c420a47cd48717d2ef214c8230d96ca2591e9e00958"},
    {file = "pydantic-1.7.2-cp39-cp39-manylinux2014_i686.whl", hash = "sha256:388c0c26c574ff49bad7d0fd6ed82fbccd86a0473fa3900397d3354c533d6ebb"},
    {file = "pydantic-1.7.2-cp39-cp39-manylinux2014_x86_64.whl", hash = "sha256:ab1d5e4d8de00575957e1c982b951bffaedd3204ddd24694e3baca3332e53a23"},
    {file = "pydantic-1.7.2-cp39-cp39-win_amd64.whl", hash = "sha256:f045cf7afb3352a03bc6cb993578a34560ac24c5d004fa33c76efec6ada1361a"},
    {file = "pydantic-1.7.2-py3-none-any.whl", hash = "sha256:6665f7ab7fbbf4d3c1040925ff4d42d7549a8c15fe041164adfe4fc2134d4cce"},
    {file = "pydantic-1.7.2.tar.gz", hash = "sha256:c8200aecbd1fb914e1bd061d71a4d1d79ecb553165296af0c14989b89e90d09b"},
]
pydocstyle = [
    {file = "pydocstyle-5.1.1-py3-none-any.whl", hash = "sha256:aca749e190a01726a4fb472dd4ef23b5c9da7b9205c0a7857c06533de13fd678"},
    {file = "pydocstyle-5.1.1.tar.gz", hash = "sha256:19b86fa8617ed916776a11cd8bc0197e5b9856d5433b777f51a3defe13075325"},
]
pyflakes = [
    {file = "pyflakes-2.2.0-py2.py3-none-any.whl", hash = "sha256:0d94e0e05a19e57a99444b6ddcf9a6eb2e5c68d3ca1e98e90707af8152c90a92"},
    {file = "pyflakes-2.2.0.tar.gz", hash = "sha256:35b2d75ee967ea93b55750aa9edbbf72813e06a66ba54438df2cfac9e3c27fc8"},
]
pyformat = [
    {file = "pyformat-0.7.tar.gz", hash = "sha256:eb7b0e93f768c6f92e2cb06307deaa3a5141c7c61cd472b1a7918e30d09df20f"},
]
pygments = [
    {file = "Pygments-2.7.2-py3-none-any.whl", hash = "sha256:88a0bbcd659fcb9573703957c6b9cff9fab7295e6e76db54c9d00ae42df32773"},
    {file = "Pygments-2.7.2.tar.gz", hash = "sha256:381985fcc551eb9d37c52088a32914e00517e57f4a21609f48141ba08e193fa0"},
]
pylint = [
    {file = "pylint-2.6.0-py3-none-any.whl", hash = "sha256:bfe68f020f8a0fece830a22dd4d5dddb4ecc6137db04face4c3420a46a52239f"},
    {file = "pylint-2.6.0.tar.gz", hash = "sha256:bb4a908c9dadbc3aac18860550e870f58e1a02c9f2c204fdf5693d73be061210"},
]
pyparsing = [
    {file = "pyparsing-2.4.7-py2.py3-none-any.whl", hash = "sha256:ef9d7589ef3c200abe66653d3f1ab1033c3c419ae9b9bdb1240a85b024efc88b"},
    {file = "pyparsing-2.4.7.tar.gz", hash = "sha256:c203ec8783bf771a155b207279b9bccb8dea02d8f0c9e5f8ead507bc3246ecc1"},
]
pytest = [
    {file = "pytest-6.1.2-py3-none-any.whl", hash = "sha256:4288fed0d9153d9646bfcdf0c0428197dba1ecb27a33bb6e031d002fa88653fe"},
    {file = "pytest-6.1.2.tar.gz", hash = "sha256:c0a7e94a8cdbc5422a51ccdad8e6f1024795939cc89159a0ae7f0b316ad3823e"},
]
pytest-asyncio = [
    {file = "pytest-asyncio-0.14.0.tar.gz", hash = "sha256:9882c0c6b24429449f5f969a5158b528f39bde47dc32e85b9f0403965017e700"},
    {file = "pytest_asyncio-0.14.0-py3-none-any.whl", hash = "sha256:2eae1e34f6c68fc0a9dc12d4bea190483843ff4708d24277c41568d6b6044f1d"},
]
pytest-cov = [
    {file = "pytest-cov-2.10.1.tar.gz", hash = "sha256:47bd0ce14056fdd79f93e1713f88fad7bdcc583dcd7783da86ef2f085a0bb88e"},
    {file = "pytest_cov-2.10.1-py2.py3-none-any.whl", hash = "sha256:45ec2d5182f89a81fc3eb29e3d1ed3113b9e9a873bcddb2a71faaab066110191"},
]
pytest-mock = [
    {file = "pytest-mock-3.5.0.tar.gz", hash = "sha256:4992db789175540d40a193bc60e987b1e69f1a989adad525a44e581c82149b14"},
    {file = "pytest_mock-3.5.0-py3-none-any.whl", hash = "sha256:f9d77233b3af6c71cec6a8b8b5e9e9a2effd1bb6ff56e9ace72541ff6843ac81"},
]
pyyaml = [
    {file = "PyYAML-5.3.1-cp27-cp27m-win32.whl", hash = "sha256:74809a57b329d6cc0fdccee6318f44b9b8649961fa73144a98735b0aaf029f1f"},
    {file = "PyYAML-5.3.1-cp27-cp27m-win_amd64.whl", hash = "sha256:240097ff019d7c70a4922b6869d8a86407758333f02203e0fc6ff79c5dcede76"},
    {file = "PyYAML-5.3.1-cp35-cp35m-win32.whl", hash = "sha256:4f4b913ca1a7319b33cfb1369e91e50354d6f07a135f3b901aca02aa95940bd2"},
    {file = "PyYAML-5.3.1-cp35-cp35m-win_amd64.whl", hash = "sha256:cc8955cfbfc7a115fa81d85284ee61147059a753344bc51098f3ccd69b0d7e0c"},
    {file = "PyYAML-5.3.1-cp36-cp36m-win32.whl", hash = "sha256:7739fc0fa8205b3ee8808aea45e968bc90082c10aef6ea95e855e10abf4a37b2"},
    {file = "PyYAML-5.3.1-cp36-cp36m-win_amd64.whl", hash = "sha256:69f00dca373f240f842b2931fb2c7e14ddbacd1397d57157a9b005a6a9942648"},
    {file = "PyYAML-5.3.1-cp37-cp37m-win32.whl", hash = "sha256:d13155f591e6fcc1ec3b30685d50bf0711574e2c0dfffd7644babf8b5102ca1a"},
    {file = "PyYAML-5.3.1-cp37-cp37m-win_amd64.whl", hash = "sha256:73f099454b799e05e5ab51423c7bcf361c58d3206fa7b0d555426b1f4d9a3eaf"},
    {file = "PyYAML-5.3.1-cp38-cp38-win32.whl", hash = "sha256:06a0d7ba600ce0b2d2fe2e78453a470b5a6e000a985dd4a4e54e436cc36b0e97"},
    {file = "PyYAML-5.3.1-cp38-cp38-win_amd64.whl", hash = "sha256:95f71d2af0ff4227885f7a6605c37fd53d3a106fcab511b8860ecca9fcf400ee"},
    {file = "PyYAML-5.3.1-cp39-cp39-win32.whl", hash = "sha256:ad9c67312c84def58f3c04504727ca879cb0013b2517c85a9a253f0cb6380c0a"},
    {file = "PyYAML-5.3.1-cp39-cp39-win_amd64.whl", hash = "sha256:6034f55dab5fea9e53f436aa68fa3ace2634918e8b5994d82f3621c04ff5ed2e"},
    {file = "PyYAML-5.3.1.tar.gz", hash = "sha256:b8eac752c5e14d3eca0e6dd9199cd627518cb5ec06add0de9d32baeee6fe645d"},
]
six = [
    {file = "six-1.15.0-py2.py3-none-any.whl", hash = "sha256:8b74bedcbbbaca38ff6d7491d76f2b06b3592611af620f8426e82dddb04a5ced"},
    {file = "six-1.15.0.tar.gz", hash = "sha256:30639c035cdb23534cd4aa2dd52c3bf48f06e5f4a941509c8bafd8ce11080259"},
]
snowballstemmer = [
    {file = "snowballstemmer-2.0.0-py2.py3-none-any.whl", hash = "sha256:209f257d7533fdb3cb73bdbd24f436239ca3b2fa67d56f6ff88e86be08cc5ef0"},
    {file = "snowballstemmer-2.0.0.tar.gz", hash = "sha256:df3bac3df4c2c01363f3dd2cfa78cce2840a79b9f1c2d2de9ce8d31683992f52"},
]
testfixtures = [
    {file = "testfixtures-6.15.0-py2.py3-none-any.whl", hash = "sha256:e17f4f526fc90b0ac9bc7f8ca62b7dec17d9faf3d721f56bda4f0fd94d02f85a"},
    {file = "testfixtures-6.15.0.tar.gz", hash = "sha256:409f77cfbdad822d12a8ce5c4aa8fb4d0bb38073f4a5444fede3702716a2cec2"},
]
tokenize-rt = [
    {file = "tokenize_rt-4.0.0-py2.py3-none-any.whl", hash = "sha256:c47d3bd00857c24edefccdd6dc99c19d4ceed77c5971a3e2fac007fb0c02e39d"},
    {file = "tokenize_rt-4.0.0.tar.gz", hash = "sha256:07d5f88b6a953612159b160129bcf9425677c8d062b0cb83250968ba803e1c64"},
]
toml = [
    {file = "toml-0.10.2-py2.py3-none-any.whl", hash = "sha256:806143ae5bfb6a3c6e736a764057db0e6a0e05e338b5630894a5f779cabb4f9b"},
    {file = "toml-0.10.2.tar.gz", hash = "sha256:b3bda1d108d5dd99f4a20d24d9c348e91c4db7ab1b749200bded2f839ccbe68f"},
]
unify = [
    {file = "unify-0.5.tar.gz", hash = "sha256:8ddce812b2457212b7598fe574c9e6eb3ad69710f445391338270c7f8a71723c"},
]
untokenize = [
    {file = "untokenize-0.1.1.tar.gz", hash = "sha256:3865dbbbb8efb4bb5eaa72f1be7f3e0be00ea8b7f125c69cbd1f5fda926f37a2"},
]
urllib3 = [
    {file = "urllib3-1.26.2-py2.py3-none-any.whl", hash = "sha256:d8ff90d979214d7b4f8ce956e80f4028fc6860e4431f731ea4a8c08f23f99473"},
    {file = "urllib3-1.26.2.tar.gz", hash = "sha256:19188f96923873c92ccb987120ec4acaa12f0461fa9ce5d3d0772bc965a39e08"},
]
virtualenv = [
    {file = "virtualenv-20.2.1-py2.py3-none-any.whl", hash = "sha256:07cff122e9d343140366055f31be4dcd61fd598c69d11cd33a9d9c8df4546dd7"},
    {file = "virtualenv-20.2.1.tar.gz", hash = "sha256:e0aac7525e880a429764cefd3aaaff54afb5d9f25c82627563603f5d7de5a6e5"},
]
wrapt = [
    {file = "wrapt-1.12.1.tar.gz", hash = "sha256:b62ffa81fb85f4332a4f609cab4ac40709470da05643a082ec1eb88e6d9b97d7"},
]
